
Microsoft Visual Studio Solution File, Format Version 12.00
# Visual Studio Version 17
VisualStudioVersion = 17.10.35013.160
MinimumVisualStudioVersion = 10.0.40219.1
Project("{FAE04EC0-301F-11D3-BF4B-00C04F79EFBC}") = "CafeHub.MVC", "CafeHub.MVC\CafeHub.MVC.csproj", "{29276D7F-DAA0-472E-86F7-D9E87A531C8C}"
EndProject
Global
	GlobalSection(SolutionConfigurationPlatforms) = preSolution
		Debug|Any CPU = Debug|Any CPU
		Release|Any CPU = Release|Any CPU
	EndGlobalSection
	GlobalSection(ProjectConfigurationPlatforms) = postSolution
		{29276D7F-DAA0-472E-86F7-D9E87A531C8C}.Debug|Any CPU.ActiveCfg = Debug|Any CPU
		{29276D7F-DAA0-472E-86F7-D9E87A531C8C}.Debug|Any CPU.Build.0 = Debug|Any CPU
		{29276D7F-DAA0-472E-86F7-D9E87A531C8C}.Release|Any CPU.ActiveCfg = Release|Any CPU
		{29276D7F-DAA0-472E-86F7-D9E87A531C8C}.Release|Any CPU.Build.0 = Release|Any CPU
	EndGlobalSection
	GlobalSection(SolutionProperties) = preSolution
		HideSolutionNode = FALSE
	EndGlobalSection
	GlobalSection(ExtensibilityGlobals) = postSolution
		SolutionGuid = {F7A2DD35-772A-4824-9BF0-059A5214DB48}
	EndGlobalSection
EndGlobal
