
Microsoft Visual Studio Solution File, Format Version 12.00
# Visual Studio Version 17
VisualStudioVersion = 17.10.35013.160
MinimumVisualStudioVersion = 10.0.40219.1
Project("{9A19103F-16F7-4668-BE54-9A1E7A4F7556}") = "CafeHub.MVC", "CafeHub.MVC\CafeHub.MVC.csproj", "{29276D7F-DAA0-472E-86F7-D9E87A531C8C}"
EndProject
Project("{9A19103F-16F7-4668-BE54-9A1E7A4F7556}") = "CafeHub.Repository", "CafeHub.Repository\CafeHub.Repository.csproj", "{1ECBA834-491E-4248-A181-34858736296D}"
EndProject
Project("{9A19103F-16F7-4668-BE54-9A1E7A4F7556}") = "CafeHub.Services", "CafeHub.Services\CafeHub.Services.csproj", "{3B8C3E17-DD8A-4579-8557-503F2BD34C70}"
EndProject
Project("{9A19103F-16F7-4668-BE54-9A1E7A4F7556}") = "CafeHub.Commons", "CafeHub.Commons\CafeHub.Commons.csproj", "{1B337C63-38A8-440D-805C-BE8E8B573C3A}"
EndProject
Global
	GlobalSection(SolutionConfigurationPlatforms) = preSolution
		Debug|Any CPU = Debug|Any CPU
		Release|Any CPU = Release|Any CPU
	EndGlobalSection
	GlobalSection(ProjectConfigurationPlatforms) = postSolution
		{29276D7F-DAA0-472E-86F7-D9E87A531C8C}.Debug|Any CPU.ActiveCfg = Debug|Any CPU
		{29276D7F-DAA0-472E-86F7-D9E87A531C8C}.Debug|Any CPU.Build.0 = Debug|Any CPU
		{29276D7F-DAA0-472E-86F7-D9E87A531C8C}.Release|Any CPU.ActiveCfg = Release|Any CPU
		{29276D7F-DAA0-472E-86F7-D9E87A531C8C}.Release|Any CPU.Build.0 = Release|Any CPU
		{1ECBA834-491E-4248-A181-34858736296D}.Debug|Any CPU.ActiveCfg = Debug|Any CPU
		{1ECBA834-491E-4248-A181-34858736296D}.Debug|Any CPU.Build.0 = Debug|Any CPU
		{1ECBA834-491E-4248-A181-34858736296D}.Release|Any CPU.ActiveCfg = Release|Any CPU
		{1ECBA834-491E-4248-A181-34858736296D}.Release|Any CPU.Build.0 = Release|Any CPU
		{3B8C3E17-DD8A-4579-8557-503F2BD34C70}.Debug|Any CPU.ActiveCfg = Debug|Any CPU
		{3B8C3E17-DD8A-4579-8557-503F2BD34C70}.Debug|Any CPU.Build.0 = Debug|Any CPU
		{3B8C3E17-DD8A-4579-8557-503F2BD34C70}.Release|Any CPU.ActiveCfg = Release|Any CPU
		{3B8C3E17-DD8A-4579-8557-503F2BD34C70}.Release|Any CPU.Build.0 = Release|Any CPU
		{1B337C63-38A8-440D-805C-BE8E8B573C3A}.Debug|Any CPU.ActiveCfg = Debug|Any CPU
		{1B337C63-38A8-440D-805C-BE8E8B573C3A}.Debug|Any CPU.Build.0 = Debug|Any CPU
		{1B337C63-38A8-440D-805C-BE8E8B573C3A}.Release|Any CPU.ActiveCfg = Release|Any CPU
		{1B337C63-38A8-440D-805C-BE8E8B573C3A}.Release|Any CPU.Build.0 = Release|Any CPU
	EndGlobalSection
	GlobalSection(SolutionProperties) = preSolution
		HideSolutionNode = FALSE
	EndGlobalSection
	GlobalSection(ExtensibilityGlobals) = postSolution
		SolutionGuid = {F7A2DD35-772A-4824-9BF0-059A5214DB48}
	EndGlobalSection
EndGlobal
